{
  "name": "indico-plugin-piwik",
  "version": "1.0.0",
  "lockfileVersion": 1,
  "requires": true,
  "dependencies": {
    "jqtree": {
      "version": "1.4.5",
      "resolved": "https://registry.npmjs.org/jqtree/-/jqtree-1.4.5.tgz",
      "integrity": "sha512-IHBW/tN0QrfiNr8MJwIsw6deCzrd7GdcG2cpT5tsKnBeuF4d4NlHNsTv0pOywiGY9cH2NVKyoMhp8A9O8I3Wtw==",
      "requires": {
        "jquery": "3.3.1"
      }
    },
    "jquery": {
      "version": "3.3.1",
      "resolved": "https://registry.npmjs.org/jquery/-/jquery-3.3.1.tgz",
      "integrity": "sha512-Ubldcmxp5np52/ENotGxlLe6aGMvmF4R8S6tZjsP6Knsaxd/xp3Zrh50cG93lR6nPXyUFwzN3ZSOQI0wRJNdGg=="
    }
  }
}
